// !$*UTF8*$!
{
	archiveVersion = 1;
	classes = {
	};
	objectVersion = 50;
	objects = {

/* Begin PBXBuildFile section */
		90FC317625FA8FCC00369D56 /* AppDelegate.swift in Sources */ = {isa = PBXBuildFile; fileRef = 90FC317525FA8FCC00369D56 /* AppDelegate.swift */; };
		90FC317825FA8FCC00369D56 /* SceneDelegate.swift in Sources */ = {isa = PBXBuildFile; fileRef = 90FC317725FA8FCC00369D56 /* SceneDelegate.swift */; };
		90FC317D25FA8FCC00369D56 /* Main.storyboard in Resources */ = {isa = PBXBuildFile; fileRef = 90FC317B25FA8FCC00369D56 /* Main.storyboard */; };
		90FC317F25FA8FCD00369D56 /* Assets.xcassets in Resources */ = {isa = PBXBuildFile; fileRef = 90FC317E25FA8FCD00369D56 /* Assets.xcassets */; };
		90FC318225FA8FCD00369D56 /* LaunchScreen.storyboard in Resources */ = {isa = PBXBuildFile; fileRef = 90FC318025FA8FCD00369D56 /* LaunchScreen.storyboard */; };
		90FC318B25FA903D00369D56 /* Variable.swift in Sources */ = {isa = PBXBuildFile; fileRef = 90FC318A25FA903D00369D56 /* Variable.swift */; };
		90FC318E25FA90CF00369D56 /* NewsManager.swift in Sources */ = {isa = PBXBuildFile; fileRef = 90FC318D25FA90CF00369D56 /* NewsManager.swift */; };
		90FC319125FA916200369D56 /* NewsData.swift in Sources */ = {isa = PBXBuildFile; fileRef = 90FC319025FA916200369D56 /* NewsData.swift */; };
		90FC319425FAC49500369D56 /* News.swift in Sources */ = {isa = PBXBuildFile; fileRef = 90FC319325FAC49500369D56 /* News.swift */; };
		90FC319E25FBB53000369D56 /* TableViewController.swift in Sources */ = {isa = PBXBuildFile; fileRef = 90FC319D25FBB53000369D56 /* TableViewController.swift */; };
		90FC31A225FC1DCE00369D56 /* TableViewCell.swift in Sources */ = {isa = PBXBuildFile; fileRef = 90FC31A125FC1DCE00369D56 /* TableViewCell.swift */; };
/* End PBXBuildFile section */

/* Begin PBXFileReference section */
		90FC317225FA8FCC00369D56 /* NewsApi.app */ = {isa = PBXFileReference; explicitFileType = wrapper.application; includeInIndex = 0; path = NewsApi.app; sourceTree = BUILT_PRODUCTS_DIR; };
		90FC317525FA8FCC00369D56 /* AppDelegate.swift */ = {isa = PBXFileReference; lastKnownFileType = sourcecode.swift; path = AppDelegate.swift; sourceTree = "<group>"; };
		90FC317725FA8FCC00369D56 /* SceneDelegate.swift */ = {isa = PBXFileReference; lastKnownFileType = sourcecode.swift; path = SceneDelegate.swift; sourceTree = "<group>"; };
		90FC317C25FA8FCC00369D56 /* Base */ = {isa = PBXFileReference; lastKnownFileType = file.storyboard; name = Base; path = Base.lproj/Main.storyboard; sourceTree = "<group>"; };
		90FC317E25FA8FCD00369D56 /* Assets.xcassets */ = {isa = PBXFileReference; lastKnownFileType = folder.assetcatalog; path = Assets.xcassets; sourceTree = "<group>"; };
		90FC318125FA8FCD00369D56 /* Base */ = {isa = PBXFileReference; lastKnownFileType = file.storyboard; name = Base; path = Base.lproj/LaunchScreen.storyboard; sourceTree = "<group>"; };
		90FC318325FA8FCD00369D56 /* Info.plist */ = {isa = PBXFileReference; lastKnownFileType = text.plist.xml; path = Info.plist; sourceTree = "<group>"; };
		90FC318A25FA903D00369D56 /* Variable.swift */ = {isa = PBXFileReference; lastKnownFileType = sourcecode.swift; path = Variable.swift; sourceTree = "<group>"; };
		90FC318D25FA90CF00369D56 /* NewsManager.swift */ = {isa = PBXFileReference; lastKnownFileType = sourcecode.swift; path = NewsManager.swift; sourceTree = "<group>"; };
		90FC319025FA916200369D56 /* NewsData.swift */ = {isa = PBXFileReference; lastKnownFileType = sourcecode.swift; path = NewsData.swift; sourceTree = "<group>"; };
		90FC319325FAC49500369D56 /* News.swift */ = {isa = PBXFileReference; lastKnownFileType = sourcecode.swift; path = News.swift; sourceTree = "<group>"; };
		90FC319D25FBB53000369D56 /* TableViewController.swift */ = {isa = PBXFileReference; lastKnownFileType = sourcecode.swift; path = TableViewController.swift; sourceTree = "<group>"; };
		90FC31A125FC1DCE00369D56 /* TableViewCell.swift */ = {isa = PBXFileReference; lastKnownFileType = sourcecode.swift; path = TableViewCell.swift; sourceTree = "<group>"; };
/* End PBXFileReference section */

/* Begin PBXFrameworksBuildPhase section */
		90FC316F25FA8FCC00369D56 /* Frameworks */ = {
			isa = PBXFrameworksBuildPhase;
			buildActionMask = 2147483647;
			files = (
			);
			runOnlyForDeploymentPostprocessing = 0;
		};
/* End PBXFrameworksBuildPhase section */

/* Begin PBXGroup section */
		90F5F4F726025FC7003B39B3 /* Model */ = {
			isa = PBXGroup;
			children = (
				90FC318D25FA90CF00369D56 /* NewsManager.swift */,
				90FC319025FA916200369D56 /* NewsData.swift */,
				90FC319325FAC49500369D56 /* News.swift */,
			);
			path = Model;
			sourceTree = "<group>";
		};
		90F5F4F926025FDE003B39B3 /* View */ = {
			isa = PBXGroup;
			children = (
				90FC31A125FC1DCE00369D56 /* TableViewCell.swift */,
				90FC317B25FA8FCC00369D56 /* Main.storyboard */,
				90FC318025FA8FCD00369D56 /* LaunchScreen.storyboard */,
			);
			path = View;
			sourceTree = "<group>";
		};
		90F5F4FA26025FF3003B39B3 /* Controller */ = {
			isa = PBXGroup;
			children = (
				90FC319D25FBB53000369D56 /* TableViewController.swift */,
			);
			path = Controller;
			sourceTree = "<group>";
		};
		90FC316925FA8FCC00369D56 = {
			isa = PBXGroup;
			children = (
				90FC317425FA8FCC00369D56 /* NewsApi */,
				90FC317325FA8FCC00369D56 /* Products */,
			);
			sourceTree = "<group>";
		};
		90FC317325FA8FCC00369D56 /* Products */ = {
			isa = PBXGroup;
			children = (
				90FC317225FA8FCC00369D56 /* NewsApi.app */,
			);
			name = Products;
			sourceTree = "<group>";
		};
		90FC317425FA8FCC00369D56 /* NewsApi */ = {
			isa = PBXGroup;
			children = (
				90FC317525FA8FCC00369D56 /* AppDelegate.swift */,
				90FC317725FA8FCC00369D56 /* SceneDelegate.swift */,
				90FC318A25FA903D00369D56 /* Variable.swift */,
				90F5F4F726025FC7003B39B3 /* Model */,
				90F5F4F926025FDE003B39B3 /* View */,
				90F5F4FA26025FF3003B39B3 /* Controller */,
				90FC317E25FA8FCD00369D56 /* Assets.xcassets */,
				90FC318325FA8FCD00369D56 /* Info.plist */,
			);
			path = NewsApi;
			sourceTree = "<group>";
		};
/* End PBXGroup section */

/* Begin PBXNativeTarget section */
		90FC317125FA8FCC00369D56 /* NewsApi */ = {
			isa = PBXNativeTarget;
			buildConfigurationList = 90FC318625FA8FCD00369D56 /* Build configuration list for PBXNativeTarget "NewsApi" */;
			buildPhases = (
				90FC316E25FA8FCC00369D56 /* Sources */,
				90FC316F25FA8FCC00369D56 /* Frameworks */,
				90FC317025FA8FCC00369D56 /* Resources */,
			);
			buildRules = (
			);
			dependencies = (
			);
			name = NewsApi;
			productName = NewsApi;
			productReference = 90FC317225FA8FCC00369D56 /* NewsApi.app */;
			productType = "com.apple.product-type.application";
		};
/* End PBXNativeTarget section */

/* Begin PBXProject section */
		90FC316A25FA8FCC00369D56 /* Project object */ = {
			isa = PBXProject;
			attributes = {
				LastSwiftUpdateCheck = 1240;
				LastUpgradeCheck = 1240;
				TargetAttributes = {
					90FC317125FA8FCC00369D56 = {
						CreatedOnToolsVersion = 12.4;
					};
				};
			};
			buildConfigurationList = 90FC316D25FA8FCC00369D56 /* Build configuration list for PBXProject "NewsApi" */;
			compatibilityVersion = "Xcode 9.3";
			developmentRegion = en;
			hasScannedForEncodings = 0;
			knownRegions = (
				en,
				Base,
			);
			mainGroup = 90FC316925FA8FCC00369D56;
			productRefGroup = 90FC317325FA8FCC00369D56 /* Products */;
			projectDirPath = "";
			projectRoot = "";
			targets = (
				90FC317125FA8FCC00369D56 /* NewsApi */,
			);
		};
/* End PBXProject section */

/* Begin PBXResourcesBuildPhase section */
		90FC317025FA8FCC00369D56 /* Resources */ = {
			isa = PBXResourcesBuildPhase;
			buildActionMask = 2147483647;
			files = (
				90FC318225FA8FCD00369D56 /* LaunchScreen.storyboard in Resources */,
				90FC317F25FA8FCD00369D56 /* Assets.xcassets in Resources */,
				90FC317D25FA8FCC00369D56 /* Main.storyboard in Resources */,
			);
			runOnlyForDeploymentPostprocessing = 0;
		};
/* End PBXResourcesBuildPhase section */

/* Begin PBXSourcesBuildPhase section */
		90FC316E25FA8FCC00369D56 /* Sources */ = {
			isa = PBXSourcesBuildPhase;
			buildActionMask = 2147483647;
			files = (
				90FC317625FA8FCC00369D56 /* AppDelegate.swift in Sources */,
				90FC31A225FC1DCE00369D56 /* TableViewCell.swift in Sources */,
				90FC319E25FBB53000369D56 /* TableViewController.swift in Sources */,
				90FC319125FA916200369D56 /* NewsData.swift in Sources */,
				90FC318E25FA90CF00369D56 /* NewsManager.swift in Sources */,
				90FC319425FAC49500369D56 /* News.swift in Sources */,
				90FC317825FA8FCC00369D56 /* SceneDelegate.swift in Sources */,
				90FC318B25FA903D00369D56 /* Variable.swift in Sources */,
			);
			runOnlyForDeploymentPostprocessing = 0;
		};
/* End PBXSourcesBuildPhase section */

/* Begin PBXVariantGroup section */
		90FC317B25FA8FCC00369D56 /* Main.storyboard */ = {
			isa = PBXVariantGroup;
			children = (
				90FC317C25FA8FCC00369D56 /* Base */,
			);
			name = Main.storyboard;
			sourceTree = "<group>";
		};
		90FC318025FA8FCD00369D56 /* LaunchScreen.storyboard */ = {
			isa = PBXVariantGroup;
			children = (
				90FC318125FA8FCD00369D56 /* Base */,
			);
			name = LaunchScreen.storyboard;
			sourceTree = "<group>";
		};
/* End PBXVariantGroup section */

/* Begin XCBuildConfiguration section */
		90FC318425FA8FCD00369D56 /* Debug */ = {
			isa = XCBuildConfiguration;
			buildSettings = {
				ALWAYS_SEARCH_USER_PATHS = NO;
				CLANG_ANALYZER_NONNULL = YES;
				CLANG_ANALYZER_NUMBER_OBJECT_CONVERSION = YES_AGGRESSIVE;
				CLANG_CXX_LANGUAGE_STANDARD = "gnu++14";
				CLANG_CXX_LIBRARY = "libc++";
				CLANG_ENABLE_MODULES = YES;
				CLANG_ENABLE_OBJC_ARC = YES;
				CLANG_ENABLE_OBJC_WEAK = YES;
				CLANG_WARN_BLOCK_CAPTURE_AUTORELEASING = YES;
				CLANG_WARN_BOOL_CONVERSION = YES;
				CLANG_WARN_COMMA = YES;
				CLANG_WARN_CONSTANT_CONVERSION = YES;
				CLANG_WARN_DEPRECATED_OBJC_IMPLEMENTATIONS = YES;
				CLANG_WARN_DIRECT_OBJC_ISA_USAGE = YES_ERROR;
				CLANG_WARN_DOCUMENTATION_COMMENTS = YES;
				CLANG_WARN_EMPTY_BODY = YES;
				CLANG_WARN_ENUM_CONVERSION = YES;
				CLANG_WARN_INFINITE_RECURSION = YES;
				CLANG_WARN_INT_CONVERSION = YES;
				CLANG_WARN_NON_LITERAL_NULL_CONVERSION = YES;
				CLANG_WARN_OBJC_IMPLICIT_RETAIN_SELF = YES;
				CLANG_WARN_OBJC_LITERAL_CONVERSION = YES;
				CLANG_WARN_OBJC_ROOT_CLASS = YES_ERROR;
				CLANG_WARN_QUOTED_INCLUDE_IN_FRAMEWORK_HEADER = YES;
				CLANG_WARN_RANGE_LOOP_ANALYSIS = YES;
				CLANG_WARN_STRICT_PROTOTYPES = YES;
				CLANG_WARN_SUSPICIOUS_MOVE = YES;
				CLANG_WARN_UNGUARDED_AVAILABILITY = YES_AGGRESSIVE;
				CLANG_WARN_UNREACHABLE_CODE = YES;
				CLANG_WARN__DUPLICATE_METHOD_MATCH = YES;
				COPY_PHASE_STRIP = NO;
				DEBUG_INFORMATION_FORMAT = dwarf;
				ENABLE_STRICT_OBJC_MSGSEND = YES;
				ENABLE_TESTABILITY = YES;
				GCC_C_LANGUAGE_STANDARD = gnu11;
				GCC_DYNAMIC_NO_PIC = NO;
				GCC_NO_COMMON_BLOCKS = YES;
				GCC_OPTIMIZATION_LEVEL = 0;
				GCC_PREPROCESSOR_DEFINITIONS = (
					"DEBUG=1",
					"$(inherited)",
				);
				GCC_WARN_64_TO_32_BIT_CONVERSION = YES;
				GCC_WARN_ABOUT_RETURN_TYPE = YES_ERROR;
				GCC_WARN_UNDECLARED_SELECTOR = YES;
				GCC_WARN_UNINITIALIZED_AUTOS = YES_AGGRESSIVE;
				GCC_WARN_UNUSED_FUNCTION = YES;
				GCC_WARN_UNUSED_VARIABLE = YES;
				IPHONEOS_DEPLOYMENT_TARGET = 14.4;
				MTL_ENABLE_DEBUG_INFO = INCLUDE_SOURCE;
				MTL_FAST_MATH = YES;
				ONLY_ACTIVE_ARCH = YES;
				SDKROOT = iphoneos;
				SWIFT_ACTIVE_COMPILATION_CONDITIONS = DEBUG;
				SWIFT_OPTIMIZATION_LEVEL = "-Onone";
			};
			name = Debug;
		};
		90FC318525FA8FCD00369D56 /* Release */ = {
			isa = XCBuildConfiguration;
			buildSettings = {
				ALWAYS_SEARCH_USER_PATHS = NO;
				CLANG_ANALYZER_NONNULL = YES;
				CLANG_ANALYZER_NUMBER_OBJECT_CONVERSION = YES_AGGRESSIVE;
				CLANG_CXX_LANGUAGE_STANDARD = "gnu++14";
				CLANG_CXX_LIBRARY = "libc++";
				CLANG_ENABLE_MODULES = YES;
				CLANG_ENABLE_OBJC_ARC = YES;
				CLANG_ENABLE_OBJC_WEAK = YES;
				CLANG_WARN_BLOCK_CAPTURE_AUTORELEASING = YES;
				CLANG_WARN_BOOL_CONVERSION = YES;
				CLANG_WARN_COMMA = YES;
				CLANG_WARN_CONSTANT_CONVERSION = YES;
				CLANG_WARN_DEPRECATED_OBJC_IMPLEMENTATIONS = YES;
				CLANG_WARN_DIRECT_OBJC_ISA_USAGE = YES_ERROR;
				CLANG_WARN_DOCUMENTATION_COMMENTS = YES;
				CLANG_WARN_EMPTY_BODY = YES;
				CLANG_WARN_ENUM_CONVERSION = YES;
				CLANG_WARN_INFINITE_RECURSION = YES;
				CLANG_WARN_INT_CONVERSION = YES;
				CLANG_WARN_NON_LITERAL_NULL_CONVERSION = YES;
				CLANG_WARN_OBJC_IMPLICIT_RETAIN_SELF = YES;
				CLANG_WARN_OBJC_LITERAL_CONVERSION = YES;
				CLANG_WARN_OBJC_ROOT_CLASS = YES_ERROR;
				CLANG_WARN_QUOTED_INCLUDE_IN_FRAMEWORK_HEADER = YES;
				CLANG_WARN_RANGE_LOOP_ANALYSIS = YES;
				CLANG_WARN_STRICT_PROTOTYPES = YES;
				CLANG_WARN_SUSPICIOUS_MOVE = YES;
				CLANG_WARN_UNGUARDED_AVAILABILITY = YES_AGGRESSIVE;
				CLANG_WARN_UNREACHABLE_CODE = YES;
				CLANG_WARN__DUPLICATE_METHOD_MATCH = YES;
				COPY_PHASE_STRIP = NO;
				DEBUG_INFORMATION_FORMAT = "dwarf-with-dsym";
				ENABLE_NS_ASSERTIONS = NO;
				ENABLE_STRICT_OBJC_MSGSEND = YES;
				GCC_C_LANGUAGE_STANDARD = gnu11;
				GCC_NO_COMMON_BLOCKS = YES;
				GCC_WARN_64_TO_32_BIT_CONVERSION = YES;
				GCC_WARN_ABOUT_RETURN_TYPE = YES_ERROR;
				GCC_WARN_UNDECLARED_SELECTOR = YES;
				GCC_WARN_UNINITIALIZED_AUTOS = YES_AGGRESSIVE;
				GCC_WARN_UNUSED_FUNCTION = YES;
				GCC_WARN_UNUSED_VARIABLE = YES;
				IPHONEOS_DEPLOYMENT_TARGET = 14.4;
				MTL_ENABLE_DEBUG_INFO = NO;
				MTL_FAST_MATH = YES;
				SDKROOT = iphoneos;
				SWIFT_COMPILATION_MODE = wholemodule;
				SWIFT_OPTIMIZATION_LEVEL = "-O";
				VALIDATE_PRODUCT = YES;
			};
			name = Release;
		};
		90FC318725FA8FCD00369D56 /* Debug */ = {
			isa = XCBuildConfiguration;
			buildSettings = {
				ASSETCATALOG_COMPILER_APPICON_NAME = AppIcon;
				ASSETCATALOG_COMPILER_GLOBAL_ACCENT_COLOR_NAME = AccentColor;
				CODE_SIGN_STYLE = Automatic;
				DEVELOPMENT_TEAM = 4T5QWUXV6M;
				INFOPLIST_FILE = NewsApi/Info.plist;
				LD_RUNPATH_SEARCH_PATHS = (
					"$(inherited)",
					"@executable_path/Frameworks",
				);
				PRODUCT_BUNDLE_IDENTIFIER = kolisnyk.NewsApi;
				PRODUCT_NAME = "$(TARGET_NAME)";
				SWIFT_VERSION = 5.0;
				TARGETED_DEVICE_FAMILY = "1,2";
			};
			name = Debug;
		};
		90FC318825FA8FCD00369D56 /* Release */ = {
			isa = XCBuildConfiguration;
			buildSettings = {
				ASSETCATALOG_COMPILER_APPICON_NAME = AppIcon;
				ASSETCATALOG_COMPILER_GLOBAL_ACCENT_COLOR_NAME = AccentColor;
				CODE_SIGN_STYLE = Automatic;
				DEVELOPMENT_TEAM = 4T5QWUXV6M;
				INFOPLIST_FILE = NewsApi/Info.plist;
				LD_RUNPATH_SEARCH_PATHS = (
					"$(inherited)",
					"@executable_path/Frameworks",
				);
				PRODUCT_BUNDLE_IDENTIFIER = kolisnyk.NewsApi;
				PRODUCT_NAME = "$(TARGET_NAME)";
				SWIFT_VERSION = 5.0;
				TARGETED_DEVICE_FAMILY = "1,2";
			};
			name = Release;
		};
/* End XCBuildConfiguration section */

/* Begin XCConfigurationList section */
		90FC316D25FA8FCC00369D56 /* Build configuration list for PBXProject "NewsApi" */ = {
			isa = XCConfigurationList;
			buildConfigurations = (
				90FC318425FA8FCD00369D56 /* Debug */,
				90FC318525FA8FCD00369D56 /* Release */,
			);
			defaultConfigurationIsVisible = 0;
			defaultConfigurationName = Release;
		};
		90FC318625FA8FCD00369D56 /* Build configuration list for PBXNativeTarget "NewsApi" */ = {
			isa = XCConfigurationList;
			buildConfigurations = (
				90FC318725FA8FCD00369D56 /* Debug */,
				90FC318825FA8FCD00369D56 /* Release */,
			);
			defaultConfigurationIsVisible = 0;
			defaultConfigurationName = Release;
		};
/* End XCConfigurationList section */
	};
	rootObject = 90FC316A25FA8FCC00369D56 /* Project object */;
}
